# This file is automatically @generated by Cargo.
# It is not intended for manual editing.
version = 4

[[package]]
name = "evokups-core"
version = "0.1.0"

[[package]]
name = "evokups-evaluators"
version = "0.1.0"
dependencies = [
 "evokups-core",
]

[[package]]
name = "evokups-polymer"
version = "0.1.0"
dependencies = [
 "evokups-core",
]

[[package]]
name = "evokups-web"
version = "0.1.0"
dependencies = [
 "evokups-core",
 "evokups-evaluators",
 "evokups-polymer",
]
